
Microsoft Visual Studio Solution File, Format Version 12.00
# Visual Studio Version 17
VisualStudioVersion = 17.14.36301.6
MinimumVisualStudioVersion = 10.0.40219.1
Project("{2150E333-8FDC-42A3-9474-1A3956D46DE8}") = "Src", "Src", "{02EA681E-C7D8-13C7-8484-4AC65E1B71E8}"
EndProject
Project("{2150E333-8FDC-42A3-9474-1A3956D46DE8}") = "WebApi", "WebApi", "{20FE24D3-3103-4534-98C7-73F1CC5C3691}"
EndProject
Project("{2150E333-8FDC-42A3-9474-1A3956D46DE8}") = "Domain", "Domain", "{81AE1D50-4F33-4516-A35C-B740D4FAD702}"
EndProject
Project("{2150E333-8FDC-42A3-9474-1A3956D46DE8}") = "Application", "Application", "{E5C5B76F-61F8-4E26-8A66-73D2D329C25A}"
EndProject
Project("{2150E333-8FDC-42A3-9474-1A3956D46DE8}") = "Infrastructure", "Infrastructure", "{4657FB04-F5CD-48E1-BEF9-2B212725CE3E}"
EndProject
Project("{FAE04EC0-301F-11D3-BF4B-00C04F79EFBC}") = "OrderOperations.Application", "Src\Application\OrderOperations.Application\OrderOperations.Application.csproj", "{76001E19-B1F1-4EF9-8D6B-BB6CC522ADB0}"
EndProject
Project("{FAE04EC0-301F-11D3-BF4B-00C04F79EFBC}") = "OrderPoerations.Domain", "Src\Domain\OrderPoerations.Domain\OrderPoerations.Domain.csproj", "{76DCD72B-0F77-40C6-A9B4-4611054AF5B8}"
EndProject
Project("{FAE04EC0-301F-11D3-BF4B-00C04F79EFBC}") = "OrderOperations.Persistence", "Src\Infrastructure\OrderOperations.Persistence\OrderOperations.Persistence.csproj", "{027EE011-E815-4A9C-BC1D-6BD7C3780DF1}"
EndProject
Project("{FAE04EC0-301F-11D3-BF4B-00C04F79EFBC}") = "OrderOperations.Services", "Src\Infrastructure\OrderOperations.Services\OrderOperations.Services.csproj", "{A8FDD4A8-B335-4F4A-9686-D9E56FEBEEAE}"
EndProject
Project("{FAE04EC0-301F-11D3-BF4B-00C04F79EFBC}") = "OrderOperations.Security", "Src\Infrastructure\OrderOperations.Security\OrderOperations.Security.csproj", "{B90EA06C-B9AD-47CD-80DB-937E082FD11F}"
EndProject
Project("{2150E333-8FDC-42A3-9474-1A3956D46DE8}") = "Tests", "Tests", "{E28BE2D9-DCEF-481F-833C-C977C4D7737C}"
EndProject
Project("{FAE04EC0-301F-11D3-BF4B-00C04F79EFBC}") = "OrderOperations.WebApi", "Src\WebApi\OrderOperations.WebApi\OrderOperations.WebApi.csproj", "{85D36FB9-8DEE-4F42-AC99-54C3F6F45C11}"
EndProject
Project("{2150E333-8FDC-42A3-9474-1A3956D46DE8}") = "Tools", "Tools", "{234CF80B-6CBE-41D4-8439-32EBBB6D9F21}"
	ProjectSection(SolutionItems) = preProject
		docker-compose.dev.yml = docker-compose.dev.yml
		docker-compose.prod.yml = docker-compose.prod.yml
	EndProjectSection
EndProject
Project("{2150E333-8FDC-42A3-9474-1A3956D46DE8}") = "Shared", "Shared", "{61DE3C79-3513-4ADC-AE0B-2C57FC507E52}"
EndProject
Project("{FAE04EC0-301F-11D3-BF4B-00C04F79EFBC}") = "OrderOperations.CustomExceptions", "Src\Shared\OrderOperations.CustomExceptions\OrderOperations.CustomExceptions.csproj", "{10255A63-CB61-4385-8DA6-E0C4B9987B14}"
EndProject
Project("{FAE04EC0-301F-11D3-BF4B-00C04F79EFBC}") = "OrderOperations.UnitTests", "Test\OrderOperations.Tests\OrderOperations.UnitTests.csproj", "{2CFC100D-893B-406F-B1A5-C4F4122F1A0E}"
EndProject
Project("{FAE04EC0-301F-11D3-BF4B-00C04F79EFBC}") = "OrderOperations.IntegrationTests", "Test\OrderOperations.IntegrationTests\OrderOperations.IntegrationTests.csproj", "{C211C66F-8654-4F82-90FB-CAAB0E31103C}"
EndProject
Project("{FAE04EC0-301F-11D3-BF4B-00C04F79EFBC}") = "OrderOperations.Queue", "Src\Infrastructure\OrderOperations.Queue\OrderOperations.Queue.csproj", "{7CCF243B-4232-4188-936D-52ED449FA522}"
EndProject
Project("{FAE04EC0-301F-11D3-BF4B-00C04F79EFBC}") = "OrderOperations.Contracts", "Src\Shared\OrderOperations.Contracts\OrderOperations.Contracts.csproj", "{B8F3D5CE-3648-4BF1-A532-9245E34FF04C}"
EndProject
Global
	GlobalSection(SolutionConfigurationPlatforms) = preSolution
		Debug|Any CPU = Debug|Any CPU
		Release|Any CPU = Release|Any CPU
	EndGlobalSection
	GlobalSection(ProjectConfigurationPlatforms) = postSolution
		{76001E19-B1F1-4EF9-8D6B-BB6CC522ADB0}.Debug|Any CPU.ActiveCfg = Debug|Any CPU
		{76001E19-B1F1-4EF9-8D6B-BB6CC522ADB0}.Debug|Any CPU.Build.0 = Debug|Any CPU
		{76001E19-B1F1-4EF9-8D6B-BB6CC522ADB0}.Release|Any CPU.ActiveCfg = Release|Any CPU
		{76001E19-B1F1-4EF9-8D6B-BB6CC522ADB0}.Release|Any CPU.Build.0 = Release|Any CPU
		{76DCD72B-0F77-40C6-A9B4-4611054AF5B8}.Debug|Any CPU.ActiveCfg = Debug|Any CPU
		{76DCD72B-0F77-40C6-A9B4-4611054AF5B8}.Debug|Any CPU.Build.0 = Debug|Any CPU
		{76DCD72B-0F77-40C6-A9B4-4611054AF5B8}.Release|Any CPU.ActiveCfg = Release|Any CPU
		{76DCD72B-0F77-40C6-A9B4-4611054AF5B8}.Release|Any CPU.Build.0 = Release|Any CPU
		{027EE011-E815-4A9C-BC1D-6BD7C3780DF1}.Debug|Any CPU.ActiveCfg = Debug|Any CPU
		{027EE011-E815-4A9C-BC1D-6BD7C3780DF1}.Debug|Any CPU.Build.0 = Debug|Any CPU
		{027EE011-E815-4A9C-BC1D-6BD7C3780DF1}.Release|Any CPU.ActiveCfg = Release|Any CPU
		{027EE011-E815-4A9C-BC1D-6BD7C3780DF1}.Release|Any CPU.Build.0 = Release|Any CPU
		{A8FDD4A8-B335-4F4A-9686-D9E56FEBEEAE}.Debug|Any CPU.ActiveCfg = Debug|Any CPU
		{A8FDD4A8-B335-4F4A-9686-D9E56FEBEEAE}.Debug|Any CPU.Build.0 = Debug|Any CPU
		{A8FDD4A8-B335-4F4A-9686-D9E56FEBEEAE}.Release|Any CPU.ActiveCfg = Release|Any CPU
		{A8FDD4A8-B335-4F4A-9686-D9E56FEBEEAE}.Release|Any CPU.Build.0 = Release|Any CPU
		{B90EA06C-B9AD-47CD-80DB-937E082FD11F}.Debug|Any CPU.ActiveCfg = Debug|Any CPU
		{B90EA06C-B9AD-47CD-80DB-937E082FD11F}.Debug|Any CPU.Build.0 = Debug|Any CPU
		{B90EA06C-B9AD-47CD-80DB-937E082FD11F}.Release|Any CPU.ActiveCfg = Release|Any CPU
		{B90EA06C-B9AD-47CD-80DB-937E082FD11F}.Release|Any CPU.Build.0 = Release|Any CPU
		{85D36FB9-8DEE-4F42-AC99-54C3F6F45C11}.Debug|Any CPU.ActiveCfg = Debug|Any CPU
		{85D36FB9-8DEE-4F42-AC99-54C3F6F45C11}.Debug|Any CPU.Build.0 = Debug|Any CPU
		{85D36FB9-8DEE-4F42-AC99-54C3F6F45C11}.Release|Any CPU.ActiveCfg = Release|Any CPU
		{85D36FB9-8DEE-4F42-AC99-54C3F6F45C11}.Release|Any CPU.Build.0 = Release|Any CPU
		{10255A63-CB61-4385-8DA6-E0C4B9987B14}.Debug|Any CPU.ActiveCfg = Debug|Any CPU
		{10255A63-CB61-4385-8DA6-E0C4B9987B14}.Debug|Any CPU.Build.0 = Debug|Any CPU
		{10255A63-CB61-4385-8DA6-E0C4B9987B14}.Release|Any CPU.ActiveCfg = Release|Any CPU
		{10255A63-CB61-4385-8DA6-E0C4B9987B14}.Release|Any CPU.Build.0 = Release|Any CPU
		{2CFC100D-893B-406F-B1A5-C4F4122F1A0E}.Debug|Any CPU.ActiveCfg = Debug|Any CPU
		{2CFC100D-893B-406F-B1A5-C4F4122F1A0E}.Debug|Any CPU.Build.0 = Debug|Any CPU
		{2CFC100D-893B-406F-B1A5-C4F4122F1A0E}.Release|Any CPU.ActiveCfg = Release|Any CPU
		{2CFC100D-893B-406F-B1A5-C4F4122F1A0E}.Release|Any CPU.Build.0 = Release|Any CPU
		{C211C66F-8654-4F82-90FB-CAAB0E31103C}.Debug|Any CPU.ActiveCfg = Debug|Any CPU
		{C211C66F-8654-4F82-90FB-CAAB0E31103C}.Debug|Any CPU.Build.0 = Debug|Any CPU
		{C211C66F-8654-4F82-90FB-CAAB0E31103C}.Release|Any CPU.ActiveCfg = Release|Any CPU
		{C211C66F-8654-4F82-90FB-CAAB0E31103C}.Release|Any CPU.Build.0 = Release|Any CPU
		{7CCF243B-4232-4188-936D-52ED449FA522}.Debug|Any CPU.ActiveCfg = Debug|Any CPU
		{7CCF243B-4232-4188-936D-52ED449FA522}.Debug|Any CPU.Build.0 = Debug|Any CPU
		{7CCF243B-4232-4188-936D-52ED449FA522}.Release|Any CPU.ActiveCfg = Release|Any CPU
		{7CCF243B-4232-4188-936D-52ED449FA522}.Release|Any CPU.Build.0 = Release|Any CPU
		{B8F3D5CE-3648-4BF1-A532-9245E34FF04C}.Debug|Any CPU.ActiveCfg = Debug|Any CPU
		{B8F3D5CE-3648-4BF1-A532-9245E34FF04C}.Debug|Any CPU.Build.0 = Debug|Any CPU
		{B8F3D5CE-3648-4BF1-A532-9245E34FF04C}.Release|Any CPU.ActiveCfg = Release|Any CPU
		{B8F3D5CE-3648-4BF1-A532-9245E34FF04C}.Release|Any CPU.Build.0 = Release|Any CPU
	EndGlobalSection
	GlobalSection(SolutionProperties) = preSolution
		HideSolutionNode = FALSE
	EndGlobalSection
	GlobalSection(NestedProjects) = preSolution
		{20FE24D3-3103-4534-98C7-73F1CC5C3691} = {02EA681E-C7D8-13C7-8484-4AC65E1B71E8}
		{81AE1D50-4F33-4516-A35C-B740D4FAD702} = {02EA681E-C7D8-13C7-8484-4AC65E1B71E8}
		{E5C5B76F-61F8-4E26-8A66-73D2D329C25A} = {02EA681E-C7D8-13C7-8484-4AC65E1B71E8}
		{4657FB04-F5CD-48E1-BEF9-2B212725CE3E} = {02EA681E-C7D8-13C7-8484-4AC65E1B71E8}
		{76001E19-B1F1-4EF9-8D6B-BB6CC522ADB0} = {E5C5B76F-61F8-4E26-8A66-73D2D329C25A}
		{76DCD72B-0F77-40C6-A9B4-4611054AF5B8} = {81AE1D50-4F33-4516-A35C-B740D4FAD702}
		{027EE011-E815-4A9C-BC1D-6BD7C3780DF1} = {4657FB04-F5CD-48E1-BEF9-2B212725CE3E}
		{A8FDD4A8-B335-4F4A-9686-D9E56FEBEEAE} = {4657FB04-F5CD-48E1-BEF9-2B212725CE3E}
		{B90EA06C-B9AD-47CD-80DB-937E082FD11F} = {4657FB04-F5CD-48E1-BEF9-2B212725CE3E}
		{85D36FB9-8DEE-4F42-AC99-54C3F6F45C11} = {20FE24D3-3103-4534-98C7-73F1CC5C3691}
		{61DE3C79-3513-4ADC-AE0B-2C57FC507E52} = {02EA681E-C7D8-13C7-8484-4AC65E1B71E8}
		{10255A63-CB61-4385-8DA6-E0C4B9987B14} = {61DE3C79-3513-4ADC-AE0B-2C57FC507E52}
		{2CFC100D-893B-406F-B1A5-C4F4122F1A0E} = {E28BE2D9-DCEF-481F-833C-C977C4D7737C}
		{C211C66F-8654-4F82-90FB-CAAB0E31103C} = {E28BE2D9-DCEF-481F-833C-C977C4D7737C}
		{7CCF243B-4232-4188-936D-52ED449FA522} = {4657FB04-F5CD-48E1-BEF9-2B212725CE3E}
		{B8F3D5CE-3648-4BF1-A532-9245E34FF04C} = {61DE3C79-3513-4ADC-AE0B-2C57FC507E52}
	EndGlobalSection
	GlobalSection(ExtensibilityGlobals) = postSolution
		SolutionGuid = {30FB6D35-4570-46D8-9F06-BB0466B162B6}
	EndGlobalSection
EndGlobal
